
Microsoft Visual Studio Solution File, Format Version 12.00
# Visual Studio Version 17
VisualStudioVersion = 17.3.32922.545
MinimumVisualStudioVersion = 10.0.40219.1
Project("{9A19103F-16F7-4668-BE54-9A1E7A4F7556}") = "CarWashAPI", "CarWashAPI\CarWashAPI.csproj", "{628EDC2B-6A10-4426-A378-1C5B91341194}"
EndProject
Project("{FAE04EC0-301F-11D3-BF4B-00C04F79EFBC}") = "CarWashClient", "CarWashClient\CarWashClient.csproj", "{1218F2F5-3D6F-4BA2-9D13-075A0D655750}"
EndProject
Global
	GlobalSection(SolutionConfigurationPlatforms) = preSolution
		Debug|Any CPU = Debug|Any CPU
		Release|Any CPU = Release|Any CPU
	EndGlobalSection
	GlobalSection(ProjectConfigurationPlatforms) = postSolution
		{628EDC2B-6A10-4426-A378-1C5B91341194}.Debug|Any CPU.ActiveCfg = Debug|Any CPU
		{628EDC2B-6A10-4426-A378-1C5B91341194}.Debug|Any CPU.Build.0 = Debug|Any CPU
		{628EDC2B-6A10-4426-A378-1C5B91341194}.Release|Any CPU.ActiveCfg = Release|Any CPU
		{628EDC2B-6A10-4426-A378-1C5B91341194}.Release|Any CPU.Build.0 = Release|Any CPU
		{1218F2F5-3D6F-4BA2-9D13-075A0D655750}.Debug|Any CPU.ActiveCfg = Debug|Any CPU
		{1218F2F5-3D6F-4BA2-9D13-075A0D655750}.Debug|Any CPU.Build.0 = Debug|Any CPU
		{1218F2F5-3D6F-4BA2-9D13-075A0D655750}.Release|Any CPU.ActiveCfg = Release|Any CPU
		{1218F2F5-3D6F-4BA2-9D13-075A0D655750}.Release|Any CPU.Build.0 = Release|Any CPU
	EndGlobalSection
	GlobalSection(SolutionProperties) = preSolution
		HideSolutionNode = FALSE
	EndGlobalSection
	GlobalSection(ExtensibilityGlobals) = postSolution
		SolutionGuid = {35093E57-9237-4B0D-8463-7A9499CC5027}
	EndGlobalSection
EndGlobal
